{
  "object": {
    "pins": [
      {
        "package": "capacitor-swift-pm",
        "repositoryURL": "https://github.com/ionic-team/capacitor-swift-pm",
        "state": {
          "branch": null,
          "revision": "e538cfcd7558d58954ac567c93c0ab8c4e0e143e",
          "version": "4.4.0"
        }
      },
      {
        "package": "IonicLiveUpdates",
        "repositoryURL": "https://github.com/ionic-team/ionic-live-updates-releases",
        "state": {
          "branch": null,
          "revision": "944809d403cf825b07ec50882dabc4660473faef",
          "version": "0.2.0"
        }
      }
    ]
  },
  "version": 1
}
