{
  "object": {
    "pins": [
      {
        "package": "capacitor-swift-pm",
        "repositoryURL": "https://github.com/ionic-team/capacitor-swift-pm",
        "state": {
          "branch": null,
          "revision": "bc5875bb6331ab3478ed687097f8d2421a2d5d03",
          "version": "3.5.1"
        }
      },
      {
        "package": "IonicLiveUpdates",
        "repositoryURL": "https://github.com/ionic-team/ionic-live-updates-releases",
        "state": {
          "branch": null,
          "revision": "7bcd492d49c2667eccd22a4971a0e95b635bc117",
          "version": "0.1.2"
        }
      }
    ]
  },
  "version": 1
}
