PODS:
  - Capacitor (3.4.3):
    - CapacitorCordova
  - CapacitorCordova (3.4.3)
  - IonicLiveUpdates (0.0.5):
    - ZIPFoundation
  - ZIPFoundation (0.9.13)

DEPENDENCIES:
  - Capacitor
  - CapacitorCordova
  - IonicLiveUpdates

SPEC REPOS:
  trunk:
    - Capacitor
    - CapacitorCordova
    - IonicLiveUpdates
    - ZIPFoundation

SPEC CHECKSUMS:
  Capacitor: df9b3339e2ccf9fcfa19f90073a83454b3113691
  CapacitorCordova: 7a09a302f17e14a308291bb3fa2b01ad2e4dfcaf
  IonicLiveUpdates: f3e54dbb5a330eb820a823477c5a75cd4470b65d
  ZIPFoundation: ae5b4b813d216d3bf0a148773267fff14bd51d37

PODFILE CHECKSUM: 614736a2c43fa71a540410c5db1a3137ff5ec45f

COCOAPODS: 1.11.2
