PODS:
  - Capacitor (3.5.1):
    - CapacitorCordova
  - CapacitorCordova (3.5.1)
  - IonicLiveUpdates (0.1.0)

DEPENDENCIES:
  - Capacitor
  - CapacitorCordova
  - IonicLiveUpdates

SPEC REPOS:
  trunk:
    - Capacitor
    - CapacitorCordova
    - IonicLiveUpdates

SPEC CHECKSUMS:
  Capacitor: c1b2bffd379c546d3aa1cec58a388592353a509c
  CapacitorCordova: 46db16aab80803f65018a73fca15a7399fb1ed8c
  IonicLiveUpdates: baf9d18d2d752386abbad48b670d6590b4647701

PODFILE CHECKSUM: 614736a2c43fa71a540410c5db1a3137ff5ec45f

COCOAPODS: 1.11.2
